
Microsoft Visual Studio Solution File, Format Version 12.00
# Visual Studio 2012
Project("{FAE04EC0-301F-11D3-BF4B-00C04F79EFBC}") = "ATN.Crawler", "ATN.Crawler\ATN.Crawler.csproj", "{31619954-F7B0-47F7-B9A1-21F722F1DE51}"
EndProject
Project("{FAE04EC0-301F-11D3-BF4B-00C04F79EFBC}") = "ATN.Data", "ATN.Data\ATN.Data.csproj", "{D656A9ED-9157-42B1-A870-AB260ECBEED2}"
EndProject
Project("{FAE04EC0-301F-11D3-BF4B-00C04F79EFBC}") = "ATN.Export", "ATN.Export\ATN.Export.csproj", "{7C83A4DF-3CC8-4934-8034-C032BDF03136}"
EndProject
Project("{FAE04EC0-301F-11D3-BF4B-00C04F79EFBC}") = "ATN.Analysis", "ATN.Analysis\ATN.Analysis.csproj", "{01EF8A02-13FA-4012-8427-6BFF1FC54F6D}"
EndProject
Project("{FAE04EC0-301F-11D3-BF4B-00C04F79EFBC}") = "ATN.Test", "ATN.Test\ATN.Test.csproj", "{97887566-DB80-454A-83A4-B43E095E45A1}"
EndProject
Project("{FAE04EC0-301F-11D3-BF4B-00C04F79EFBC}") = "ATN.Web", "ATN.Web\ATN.Web.csproj", "{DF64F22E-ED81-4F29-BDF8-C166B071FAFB}"
EndProject
Project("{FAE04EC0-301F-11D3-BF4B-00C04F79EFBC}") = "ATN.Processing", "ATN.Processing\ATN.Processing.csproj", "{7C9830E3-4AA1-484B-B043-73B2776F78E8}"
EndProject
Project("{FAE04EC0-301F-11D3-BF4B-00C04F79EFBC}") = "ATN.Sandbox", "ATN.Sandbox\ATN.Sandbox.csproj", "{9A56CBC2-0751-410E-BB8B-6D3AF6F18998}"
EndProject
Project("{FAE04EC0-301F-11D3-BF4B-00C04F79EFBC}") = "MLSandbox", "MLSandbox\MLSandbox.csproj", "{52466318-A242-40CB-866A-A2BF53672F99}"
EndProject
Global
	GlobalSection(SolutionConfigurationPlatforms) = preSolution
		Debug|Any CPU = Debug|Any CPU
		Debug|Mixed Platforms = Debug|Mixed Platforms
		Debug|x64 = Debug|x64
		Debug|x86 = Debug|x86
		Release|Any CPU = Release|Any CPU
		Release|Mixed Platforms = Release|Mixed Platforms
		Release|x64 = Release|x64
		Release|x86 = Release|x86
	EndGlobalSection
	GlobalSection(ProjectConfigurationPlatforms) = postSolution
		{31619954-F7B0-47F7-B9A1-21F722F1DE51}.Debug|Any CPU.ActiveCfg = Debug|x86
		{31619954-F7B0-47F7-B9A1-21F722F1DE51}.Debug|Mixed Platforms.ActiveCfg = Debug|x86
		{31619954-F7B0-47F7-B9A1-21F722F1DE51}.Debug|Mixed Platforms.Build.0 = Debug|x86
		{31619954-F7B0-47F7-B9A1-21F722F1DE51}.Debug|x64.ActiveCfg = Debug|x64
		{31619954-F7B0-47F7-B9A1-21F722F1DE51}.Debug|x64.Build.0 = Debug|x64
		{31619954-F7B0-47F7-B9A1-21F722F1DE51}.Debug|x86.ActiveCfg = Debug|x86
		{31619954-F7B0-47F7-B9A1-21F722F1DE51}.Debug|x86.Build.0 = Debug|x86
		{31619954-F7B0-47F7-B9A1-21F722F1DE51}.Release|Any CPU.ActiveCfg = Release|x86
		{31619954-F7B0-47F7-B9A1-21F722F1DE51}.Release|Mixed Platforms.ActiveCfg = Release|x86
		{31619954-F7B0-47F7-B9A1-21F722F1DE51}.Release|Mixed Platforms.Build.0 = Release|x86
		{31619954-F7B0-47F7-B9A1-21F722F1DE51}.Release|x64.ActiveCfg = Release|x64
		{31619954-F7B0-47F7-B9A1-21F722F1DE51}.Release|x64.Build.0 = Release|x64
		{31619954-F7B0-47F7-B9A1-21F722F1DE51}.Release|x86.ActiveCfg = Release|x86
		{31619954-F7B0-47F7-B9A1-21F722F1DE51}.Release|x86.Build.0 = Release|x86
		{D656A9ED-9157-42B1-A870-AB260ECBEED2}.Debug|Any CPU.ActiveCfg = Debug|Any CPU
		{D656A9ED-9157-42B1-A870-AB260ECBEED2}.Debug|Any CPU.Build.0 = Debug|Any CPU
		{D656A9ED-9157-42B1-A870-AB260ECBEED2}.Debug|Mixed Platforms.ActiveCfg = Debug|Any CPU
		{D656A9ED-9157-42B1-A870-AB260ECBEED2}.Debug|Mixed Platforms.Build.0 = Debug|Any CPU
		{D656A9ED-9157-42B1-A870-AB260ECBEED2}.Debug|x64.ActiveCfg = Debug|x64
		{D656A9ED-9157-42B1-A870-AB260ECBEED2}.Debug|x64.Build.0 = Debug|x64
		{D656A9ED-9157-42B1-A870-AB260ECBEED2}.Debug|x86.ActiveCfg = Debug|x86
		{D656A9ED-9157-42B1-A870-AB260ECBEED2}.Debug|x86.Build.0 = Debug|x86
		{D656A9ED-9157-42B1-A870-AB260ECBEED2}.Release|Any CPU.ActiveCfg = Release|Any CPU
		{D656A9ED-9157-42B1-A870-AB260ECBEED2}.Release|Any CPU.Build.0 = Release|Any CPU
		{D656A9ED-9157-42B1-A870-AB260ECBEED2}.Release|Mixed Platforms.ActiveCfg = Release|Any CPU
		{D656A9ED-9157-42B1-A870-AB260ECBEED2}.Release|Mixed Platforms.Build.0 = Release|Any CPU
		{D656A9ED-9157-42B1-A870-AB260ECBEED2}.Release|x64.ActiveCfg = Release|x64
		{D656A9ED-9157-42B1-A870-AB260ECBEED2}.Release|x64.Build.0 = Release|x64
		{D656A9ED-9157-42B1-A870-AB260ECBEED2}.Release|x86.ActiveCfg = Release|Any CPU
		{7C83A4DF-3CC8-4934-8034-C032BDF03136}.Debug|Any CPU.ActiveCfg = Debug|x86
		{7C83A4DF-3CC8-4934-8034-C032BDF03136}.Debug|Mixed Platforms.ActiveCfg = Debug|x86
		{7C83A4DF-3CC8-4934-8034-C032BDF03136}.Debug|Mixed Platforms.Build.0 = Debug|x86
		{7C83A4DF-3CC8-4934-8034-C032BDF03136}.Debug|x64.ActiveCfg = Debug|x64
		{7C83A4DF-3CC8-4934-8034-C032BDF03136}.Debug|x64.Build.0 = Debug|x64
		{7C83A4DF-3CC8-4934-8034-C032BDF03136}.Debug|x86.ActiveCfg = Debug|x86
		{7C83A4DF-3CC8-4934-8034-C032BDF03136}.Debug|x86.Build.0 = Debug|x86
		{7C83A4DF-3CC8-4934-8034-C032BDF03136}.Release|Any CPU.ActiveCfg = Release|x86
		{7C83A4DF-3CC8-4934-8034-C032BDF03136}.Release|Mixed Platforms.ActiveCfg = Release|x86
		{7C83A4DF-3CC8-4934-8034-C032BDF03136}.Release|Mixed Platforms.Build.0 = Release|x86
		{7C83A4DF-3CC8-4934-8034-C032BDF03136}.Release|x64.ActiveCfg = Release|x64
		{7C83A4DF-3CC8-4934-8034-C032BDF03136}.Release|x64.Build.0 = Release|x64
		{7C83A4DF-3CC8-4934-8034-C032BDF03136}.Release|x86.ActiveCfg = Release|x86
		{7C83A4DF-3CC8-4934-8034-C032BDF03136}.Release|x86.Build.0 = Release|x86
		{01EF8A02-13FA-4012-8427-6BFF1FC54F6D}.Debug|Any CPU.ActiveCfg = Debug|Any CPU
		{01EF8A02-13FA-4012-8427-6BFF1FC54F6D}.Debug|Any CPU.Build.0 = Debug|Any CPU
		{01EF8A02-13FA-4012-8427-6BFF1FC54F6D}.Debug|Mixed Platforms.ActiveCfg = Debug|Any CPU
		{01EF8A02-13FA-4012-8427-6BFF1FC54F6D}.Debug|Mixed Platforms.Build.0 = Debug|Any CPU
		{01EF8A02-13FA-4012-8427-6BFF1FC54F6D}.Debug|x64.ActiveCfg = Debug|x64
		{01EF8A02-13FA-4012-8427-6BFF1FC54F6D}.Debug|x64.Build.0 = Debug|x64
		{01EF8A02-13FA-4012-8427-6BFF1FC54F6D}.Debug|x86.ActiveCfg = Debug|x86
		{01EF8A02-13FA-4012-8427-6BFF1FC54F6D}.Debug|x86.Build.0 = Debug|x86
		{01EF8A02-13FA-4012-8427-6BFF1FC54F6D}.Release|Any CPU.ActiveCfg = Release|Any CPU
		{01EF8A02-13FA-4012-8427-6BFF1FC54F6D}.Release|Any CPU.Build.0 = Release|Any CPU
		{01EF8A02-13FA-4012-8427-6BFF1FC54F6D}.Release|Mixed Platforms.ActiveCfg = Release|Any CPU
		{01EF8A02-13FA-4012-8427-6BFF1FC54F6D}.Release|Mixed Platforms.Build.0 = Release|Any CPU
		{01EF8A02-13FA-4012-8427-6BFF1FC54F6D}.Release|x64.ActiveCfg = Release|x64
		{01EF8A02-13FA-4012-8427-6BFF1FC54F6D}.Release|x64.Build.0 = Release|x64
		{01EF8A02-13FA-4012-8427-6BFF1FC54F6D}.Release|x86.ActiveCfg = Release|Any CPU
		{97887566-DB80-454A-83A4-B43E095E45A1}.Debug|Any CPU.ActiveCfg = Debug|Any CPU
		{97887566-DB80-454A-83A4-B43E095E45A1}.Debug|Any CPU.Build.0 = Debug|Any CPU
		{97887566-DB80-454A-83A4-B43E095E45A1}.Debug|Mixed Platforms.ActiveCfg = Debug|Any CPU
		{97887566-DB80-454A-83A4-B43E095E45A1}.Debug|Mixed Platforms.Build.0 = Debug|Any CPU
		{97887566-DB80-454A-83A4-B43E095E45A1}.Debug|x64.ActiveCfg = Debug|x64
		{97887566-DB80-454A-83A4-B43E095E45A1}.Debug|x64.Build.0 = Debug|x64
		{97887566-DB80-454A-83A4-B43E095E45A1}.Debug|x86.ActiveCfg = Debug|x86
		{97887566-DB80-454A-83A4-B43E095E45A1}.Debug|x86.Build.0 = Debug|x86
		{97887566-DB80-454A-83A4-B43E095E45A1}.Release|Any CPU.ActiveCfg = Release|Any CPU
		{97887566-DB80-454A-83A4-B43E095E45A1}.Release|Any CPU.Build.0 = Release|Any CPU
		{97887566-DB80-454A-83A4-B43E095E45A1}.Release|Mixed Platforms.ActiveCfg = Release|Any CPU
		{97887566-DB80-454A-83A4-B43E095E45A1}.Release|Mixed Platforms.Build.0 = Release|Any CPU
		{97887566-DB80-454A-83A4-B43E095E45A1}.Release|x64.ActiveCfg = Release|x64
		{97887566-DB80-454A-83A4-B43E095E45A1}.Release|x64.Build.0 = Release|x64
		{97887566-DB80-454A-83A4-B43E095E45A1}.Release|x86.ActiveCfg = Release|Any CPU
		{DF64F22E-ED81-4F29-BDF8-C166B071FAFB}.Debug|Any CPU.ActiveCfg = Debug|Any CPU
		{DF64F22E-ED81-4F29-BDF8-C166B071FAFB}.Debug|Any CPU.Build.0 = Debug|Any CPU
		{DF64F22E-ED81-4F29-BDF8-C166B071FAFB}.Debug|Mixed Platforms.ActiveCfg = Debug|Any CPU
		{DF64F22E-ED81-4F29-BDF8-C166B071FAFB}.Debug|Mixed Platforms.Build.0 = Debug|Any CPU
		{DF64F22E-ED81-4F29-BDF8-C166B071FAFB}.Debug|x64.ActiveCfg = Debug|x64
		{DF64F22E-ED81-4F29-BDF8-C166B071FAFB}.Debug|x64.Build.0 = Debug|x64
		{DF64F22E-ED81-4F29-BDF8-C166B071FAFB}.Debug|x86.ActiveCfg = Debug|x86
		{DF64F22E-ED81-4F29-BDF8-C166B071FAFB}.Debug|x86.Build.0 = Debug|x86
		{DF64F22E-ED81-4F29-BDF8-C166B071FAFB}.Release|Any CPU.ActiveCfg = Release|Any CPU
		{DF64F22E-ED81-4F29-BDF8-C166B071FAFB}.Release|Any CPU.Build.0 = Release|Any CPU
		{DF64F22E-ED81-4F29-BDF8-C166B071FAFB}.Release|Mixed Platforms.ActiveCfg = Release|Any CPU
		{DF64F22E-ED81-4F29-BDF8-C166B071FAFB}.Release|Mixed Platforms.Build.0 = Release|Any CPU
		{DF64F22E-ED81-4F29-BDF8-C166B071FAFB}.Release|x64.ActiveCfg = Release|x64
		{DF64F22E-ED81-4F29-BDF8-C166B071FAFB}.Release|x64.Build.0 = Release|x64
		{DF64F22E-ED81-4F29-BDF8-C166B071FAFB}.Release|x86.ActiveCfg = Release|Any CPU
		{7C9830E3-4AA1-484B-B043-73B2776F78E8}.Debug|Any CPU.ActiveCfg = Debug|Any CPU
		{7C9830E3-4AA1-484B-B043-73B2776F78E8}.Debug|Any CPU.Build.0 = Debug|Any CPU
		{7C9830E3-4AA1-484B-B043-73B2776F78E8}.Debug|Mixed Platforms.ActiveCfg = Debug|Any CPU
		{7C9830E3-4AA1-484B-B043-73B2776F78E8}.Debug|Mixed Platforms.Build.0 = Debug|Any CPU
		{7C9830E3-4AA1-484B-B043-73B2776F78E8}.Debug|x64.ActiveCfg = Debug|x64
		{7C9830E3-4AA1-484B-B043-73B2776F78E8}.Debug|x64.Build.0 = Debug|x64
		{7C9830E3-4AA1-484B-B043-73B2776F78E8}.Debug|x86.ActiveCfg = Debug|x86
		{7C9830E3-4AA1-484B-B043-73B2776F78E8}.Debug|x86.Build.0 = Debug|x86
		{7C9830E3-4AA1-484B-B043-73B2776F78E8}.Release|Any CPU.ActiveCfg = Release|Any CPU
		{7C9830E3-4AA1-484B-B043-73B2776F78E8}.Release|Any CPU.Build.0 = Release|Any CPU
		{7C9830E3-4AA1-484B-B043-73B2776F78E8}.Release|Mixed Platforms.ActiveCfg = Release|Any CPU
		{7C9830E3-4AA1-484B-B043-73B2776F78E8}.Release|Mixed Platforms.Build.0 = Release|Any CPU
		{7C9830E3-4AA1-484B-B043-73B2776F78E8}.Release|x64.ActiveCfg = Release|x64
		{7C9830E3-4AA1-484B-B043-73B2776F78E8}.Release|x64.Build.0 = Release|x64
		{7C9830E3-4AA1-484B-B043-73B2776F78E8}.Release|x86.ActiveCfg = Release|Any CPU
		{9A56CBC2-0751-410E-BB8B-6D3AF6F18998}.Debug|Any CPU.ActiveCfg = Debug|Any CPU
		{9A56CBC2-0751-410E-BB8B-6D3AF6F18998}.Debug|Any CPU.Build.0 = Debug|Any CPU
		{9A56CBC2-0751-410E-BB8B-6D3AF6F18998}.Debug|Mixed Platforms.ActiveCfg = Debug|Any CPU
		{9A56CBC2-0751-410E-BB8B-6D3AF6F18998}.Debug|Mixed Platforms.Build.0 = Debug|Any CPU
		{9A56CBC2-0751-410E-BB8B-6D3AF6F18998}.Debug|x64.ActiveCfg = Debug|x64
		{9A56CBC2-0751-410E-BB8B-6D3AF6F18998}.Debug|x64.Build.0 = Debug|x64
		{9A56CBC2-0751-410E-BB8B-6D3AF6F18998}.Debug|x86.ActiveCfg = Debug|x86
		{9A56CBC2-0751-410E-BB8B-6D3AF6F18998}.Debug|x86.Build.0 = Debug|x86
		{9A56CBC2-0751-410E-BB8B-6D3AF6F18998}.Release|Any CPU.ActiveCfg = Release|Any CPU
		{9A56CBC2-0751-410E-BB8B-6D3AF6F18998}.Release|Any CPU.Build.0 = Release|Any CPU
		{9A56CBC2-0751-410E-BB8B-6D3AF6F18998}.Release|Mixed Platforms.ActiveCfg = Release|Any CPU
		{9A56CBC2-0751-410E-BB8B-6D3AF6F18998}.Release|Mixed Platforms.Build.0 = Release|Any CPU
		{9A56CBC2-0751-410E-BB8B-6D3AF6F18998}.Release|x64.ActiveCfg = Release|x64
		{9A56CBC2-0751-410E-BB8B-6D3AF6F18998}.Release|x64.Build.0 = Release|x64
		{9A56CBC2-0751-410E-BB8B-6D3AF6F18998}.Release|x86.ActiveCfg = Release|Any CPU
		{52466318-A242-40CB-866A-A2BF53672F99}.Debug|Any CPU.ActiveCfg = Debug|Any CPU
		{52466318-A242-40CB-866A-A2BF53672F99}.Debug|Any CPU.Build.0 = Debug|Any CPU
		{52466318-A242-40CB-866A-A2BF53672F99}.Debug|Mixed Platforms.ActiveCfg = Debug|Any CPU
		{52466318-A242-40CB-866A-A2BF53672F99}.Debug|Mixed Platforms.Build.0 = Debug|Any CPU
		{52466318-A242-40CB-866A-A2BF53672F99}.Debug|x64.ActiveCfg = Debug|x64
		{52466318-A242-40CB-866A-A2BF53672F99}.Debug|x64.Build.0 = Debug|x64
		{52466318-A242-40CB-866A-A2BF53672F99}.Debug|x86.ActiveCfg = Debug|x86
		{52466318-A242-40CB-866A-A2BF53672F99}.Debug|x86.Build.0 = Debug|x86
		{52466318-A242-40CB-866A-A2BF53672F99}.Release|Any CPU.ActiveCfg = Release|Any CPU
		{52466318-A242-40CB-866A-A2BF53672F99}.Release|Any CPU.Build.0 = Release|Any CPU
		{52466318-A242-40CB-866A-A2BF53672F99}.Release|Mixed Platforms.ActiveCfg = Release|Any CPU
		{52466318-A242-40CB-866A-A2BF53672F99}.Release|Mixed Platforms.Build.0 = Release|Any CPU
		{52466318-A242-40CB-866A-A2BF53672F99}.Release|x64.ActiveCfg = Release|x64
		{52466318-A242-40CB-866A-A2BF53672F99}.Release|x64.Build.0 = Release|x64
		{52466318-A242-40CB-866A-A2BF53672F99}.Release|x86.ActiveCfg = Release|Any CPU
	EndGlobalSection
	GlobalSection(SolutionProperties) = preSolution
		HideSolutionNode = FALSE
	EndGlobalSection
EndGlobal
